
Microsoft Visual Studio Solution File, Format Version 12.00
# Visual Studio Version 16
VisualStudioVersion = 16.0.30709.132
MinimumVisualStudioVersion = 10.0.40219.1
Project("{FAE04EC0-301F-11D3-BF4B-00C04F79EFBC}") = "Covid", "Covid\Covid.csproj", "{0A9127EF-7E21-4333-9F0F-7C1D178C50BB}"
EndProject
Global
	GlobalSection(SolutionConfigurationPlatforms) = preSolution
		Debug|Any CPU = Debug|Any CPU
		Release|Any CPU = Release|Any CPU
	EndGlobalSection
	GlobalSection(ProjectConfigurationPlatforms) = postSolution
		{0A9127EF-7E21-4333-9F0F-7C1D178C50BB}.Debug|Any CPU.ActiveCfg = Debug|Any CPU
		{0A9127EF-7E21-4333-9F0F-7C1D178C50BB}.Debug|Any CPU.Build.0 = Debug|Any CPU
		{0A9127EF-7E21-4333-9F0F-7C1D178C50BB}.Release|Any CPU.ActiveCfg = Release|Any CPU
		{0A9127EF-7E21-4333-9F0F-7C1D178C50BB}.Release|Any CPU.Build.0 = Release|Any CPU
	EndGlobalSection
	GlobalSection(SolutionProperties) = preSolution
		HideSolutionNode = FALSE
	EndGlobalSection
	GlobalSection(ExtensibilityGlobals) = postSolution
		SolutionGuid = {95E31723-BE61-4EA1-9818-B9BD7897B525}
	EndGlobalSection
EndGlobal
